# THIS IS AN AUTOGENERATED FILE. DO NOT EDIT THIS FILE DIRECTLY.
# yarn lockfile v1


"@babel/helper-string-parser@^7.24.8":
  "integrity" "sha512-pO9KhhRcuUyGnJWwyEgnRJTSIZHiT+vMD0kPeD+so0l7mxkMT19g3pjY9GTnHySck/hDzq+dtW/4VgnMkippsQ=="
  "resolved" "https://registry.npmjs.org/@babel/helper-string-parser/-/helper-string-parser-7.24.8.tgz"
  "version" "7.24.8"

"@babel/helper-validator-identifier@^7.24.7":
  "integrity" "sha512-rR+PBcQ1SMQDDyF6X0wxtG8QyLCgUB0eRAGguqRLfkCA87l7yAP7ehq8SNj96OOGTO8OBV70KhuFYcIkHXOg0w=="
  "resolved" "https://registry.npmjs.org/@babel/helper-validator-identifier/-/helper-validator-identifier-7.24.7.tgz"
  "version" "7.24.7"

"@babel/parser@^7.24.7":
  "integrity" "sha512-iLTJKDbJ4hMvFPgQwwsVoxtHyWpKKPBrxkANrSYewDPaPpT5py5yeVkgPIJ7XYXhndxJpaA3PyALSXQ7u8e/Dw=="
  "resolved" "https://registry.npmjs.org/@babel/parser/-/parser-7.25.3.tgz"
  "version" "7.25.3"
  dependencies:
    "@babel/types" "^7.25.2"

"@babel/types@^7.25.2":
  "integrity" "sha512-YTnYtra7W9e6/oAZEHj0bJehPRUlLH9/fbpT5LfB0NhQXyALCRkRs3zH9v07IYhkgpqX6Z78FnuccZr/l4Fs4Q=="
  "resolved" "https://registry.npmjs.org/@babel/types/-/types-7.25.2.tgz"
  "version" "7.25.2"
  dependencies:
    "@babel/helper-string-parser" "^7.24.8"
    "@babel/helper-validator-identifier" "^7.24.7"
    "to-fast-properties" "^2.0.0"

"@esbuild/linux-x64@0.21.5":
  "integrity" "sha512-1rYdTpyv03iycF1+BhzrzQJCdOuAOtaqHTWJZCWvijKD2N5Xu0TtVC8/+1faWqcP9iBCWOmjmhoH94dH82BxPQ=="
  "resolved" "https://registry.npmjs.org/@esbuild/linux-x64/-/linux-x64-0.21.5.tgz"
  "version" "0.21.5"

"@jridgewell/sourcemap-codec@^1.5.0":
  "integrity" "sha512-gv3ZRaISU3fjPAgNsriBRqGWQL6quFx04YMPW/zD8XMLsU32mhCCbfbO6KZFLjvYpCZ8zyDEgqsgf+PwPaM7GQ=="
  "resolved" "https://registry.npmjs.org/@jridgewell/sourcemap-codec/-/sourcemap-codec-1.5.0.tgz"
  "version" "1.5.0"

"@primeuix/styled@^0.0.5":
  "integrity" "sha512-pVoGn/uPkVm/DyF3TR3EmH/pL/dP4nR42FcYbVduFq9VfO3KVeOEqvcCULHXos66RZO9MCbCFUoLy6ctf9GUGQ=="
  "resolved" "https://registry.npmjs.org/@primeuix/styled/-/styled-0.0.5.tgz"
  "version" "0.0.5"
  dependencies:
    "@primeuix/utils" "^0.0.5"

"@primeuix/utils@^0.0.5":
  "integrity" "sha512-ntUiUgtRtkF8KuaxHffzhYxQxoXk6LAPHm7CVlFjdqS8Rx8xRkLkZVyo84E+pO2hcNFkOGVP/GxHhQ2s94O8zA=="
  "resolved" "https://registry.npmjs.org/@primeuix/utils/-/utils-0.0.5.tgz"
  "version" "0.0.5"

"@primevue/core@4.0.4":
  "integrity" "sha512-xGD2hNYL4WLnkWuoxIjMIqEXiydYpFovDuCMHMWRl3yb/AFJcHpyZpUlgZ2HnJydA5ZsLS00sGsPHEoV5u2M8A=="
  "resolved" "https://registry.npmjs.org/@primevue/core/-/core-4.0.4.tgz"
  "version" "4.0.4"
  dependencies:
    "@primeuix/styled" "^0.0.5"
    "@primeuix/utils" "^0.0.5"

"@primevue/icons@4.0.4":
  "integrity" "sha512-eHOuO5jIv/qb3mpo3m1qpDKJxw/B8ZFpAcsKxV4uWhAXkxWo/afmykGO38PVabKc3SSai8bq1zFVXPA1w0cg9g=="
  "resolved" "https://registry.npmjs.org/@primevue/icons/-/icons-4.0.4.tgz"
  "version" "4.0.4"
  dependencies:
    "@primeuix/utils" "^0.0.5"
    "@primevue/core" "4.0.4"

"@primevue/themes@^4.0.4":
  "integrity" "sha512-eknRgSo1KQY+r7LEtb/jERhVHq4/Vlu5BKBQ8/Sc/G3DBDHaeJTDqYHWWoTxdaTJkXbC2pJMKFaJ/Vs7LuoIOw=="
  "resolved" "https://registry.npmjs.org/@primevue/themes/-/themes-4.0.4.tgz"
  "version" "4.0.4"
  dependencies:
    "@primeuix/styled" "^0.0.5"

"@rollup/rollup-linux-x64-gnu@4.20.0":
  "integrity" "sha512-y+eoL2I3iphUg9tN9GB6ku1FA8kOfmF4oUEWhztDJ4KXJy1agk/9+pejOuZkNFhRwHAOxMsBPLbXPd6mJiCwew=="
  "resolved" "https://registry.npmjs.org/@rollup/rollup-linux-x64-gnu/-/rollup-linux-x64-gnu-4.20.0.tgz"
  "version" "4.20.0"

"@rollup/rollup-linux-x64-musl@4.20.0":
  "integrity" "sha512-hM3nhW40kBNYUkZb/r9k2FKK+/MnKglX7UYd4ZUy5DJs8/sMsIbqWK2piZtVGE3kcXVNj3B2IrUYROJMMCikNg=="
  "resolved" "https://registry.npmjs.org/@rollup/rollup-linux-x64-musl/-/rollup-linux-x64-musl-4.20.0.tgz"
  "version" "4.20.0"

"@socket.io/component-emitter@~3.1.0":
  "integrity" "sha512-9BCxFwvbGg/RsZK9tjXd8s4UcwR0MWeFQ1XEKIQVVvAGJyINdrqKMcTRyLoK8Rse1GjzLV9cwjWV1olXRWEXVA=="
  "resolved" "https://registry.npmjs.org/@socket.io/component-emitter/-/component-emitter-3.1.2.tgz"
  "version" "3.1.2"

"@types/estree@1.0.5":
  "integrity" "sha512-/kYRxGDLWzHOB7q+wtSUQlFrtcdUccpfy+X+9iMBpHK8QLLhx2wIPYuS5DYtR9Wa/YlZAbIovy7qVdB1Aq6Lyw=="
  "resolved" "https://registry.npmjs.org/@types/estree/-/estree-1.0.5.tgz"
  "version" "1.0.5"

"@vitejs/plugin-vue@^5.1.2":
  "integrity" "sha512-nY9IwH12qeiJqumTCLJLE7IiNx7HZ39cbHaysEUd+Myvbz9KAqd2yq+U01Kab1R/H1BmiyM2ShTYlNH32Fzo3A=="
  "resolved" "https://registry.npmjs.org/@vitejs/plugin-vue/-/plugin-vue-5.1.2.tgz"
  "version" "5.1.2"

"@vue/compiler-core@3.4.38":
  "integrity" "sha512-8IQOTCWnLFqfHzOGm9+P8OPSEDukgg3Huc92qSG49if/xI2SAwLHQO2qaPQbjCWPBcQoO1WYfXfTACUrWV3c5A=="
  "resolved" "https://registry.npmjs.org/@vue/compiler-core/-/compiler-core-3.4.38.tgz"
  "version" "3.4.38"
  dependencies:
    "@babel/parser" "^7.24.7"
    "@vue/shared" "3.4.38"
    "entities" "^4.5.0"
    "estree-walker" "^2.0.2"
    "source-map-js" "^1.2.0"

"@vue/compiler-dom@3.4.38":
  "integrity" "sha512-Osc/c7ABsHXTsETLgykcOwIxFktHfGSUDkb05V61rocEfsFDcjDLH/IHJSNJP+/Sv9KeN2Lx1V6McZzlSb9EhQ=="
  "resolved" "https://registry.npmjs.org/@vue/compiler-dom/-/compiler-dom-3.4.38.tgz"
  "version" "3.4.38"
  dependencies:
    "@vue/compiler-core" "3.4.38"
    "@vue/shared" "3.4.38"

"@vue/compiler-sfc@3.4.38":
  "integrity" "sha512-s5QfZ+9PzPh3T5H4hsQDJtI8x7zdJaew/dCGgqZ2630XdzaZ3AD8xGZfBqpT8oaD/p2eedd+pL8tD5vvt5ZYJQ=="
  "resolved" "https://registry.npmjs.org/@vue/compiler-sfc/-/compiler-sfc-3.4.38.tgz"
  "version" "3.4.38"
  dependencies:
    "@babel/parser" "^7.24.7"
    "@vue/compiler-core" "3.4.38"
    "@vue/compiler-dom" "3.4.38"
    "@vue/compiler-ssr" "3.4.38"
    "@vue/shared" "3.4.38"
    "estree-walker" "^2.0.2"
    "magic-string" "^0.30.10"
    "postcss" "^8.4.40"
    "source-map-js" "^1.2.0"

"@vue/compiler-ssr@3.4.38":
  "integrity" "sha512-YXznKFQ8dxYpAz9zLuVvfcXhc31FSPFDcqr0kyujbOwNhlmaNvL2QfIy+RZeJgSn5Fk54CWoEUeW+NVBAogGaw=="
  "resolved" "https://registry.npmjs.org/@vue/compiler-ssr/-/compiler-ssr-3.4.38.tgz"
  "version" "3.4.38"
  dependencies:
    "@vue/compiler-dom" "3.4.38"
    "@vue/shared" "3.4.38"

"@vue/devtools-api@^6.6.3":
  "integrity" "sha512-0MiMsFma/HqA6g3KLKn+AGpL1kgKhFWszC9U29NfpWK5LE7bjeXxySWJrOJ77hBz+TBrBQ7o4QJqbPbqbs8rJw=="
  "resolved" "https://registry.npmjs.org/@vue/devtools-api/-/devtools-api-6.6.3.tgz"
  "version" "6.6.3"

"@vue/reactivity@3.4.38":
  "integrity" "sha512-4vl4wMMVniLsSYYeldAKzbk72+D3hUnkw9z8lDeJacTxAkXeDAP1uE9xr2+aKIN0ipOL8EG2GPouVTH6yF7Gnw=="
  "resolved" "https://registry.npmjs.org/@vue/reactivity/-/reactivity-3.4.38.tgz"
  "version" "3.4.38"
  dependencies:
    "@vue/shared" "3.4.38"

"@vue/runtime-core@3.4.38":
  "integrity" "sha512-21z3wA99EABtuf+O3IhdxP0iHgkBs1vuoCAsCKLVJPEjpVqvblwBnTj42vzHRlWDCyxu9ptDm7sI2ZMcWrQqlA=="
  "resolved" "https://registry.npmjs.org/@vue/runtime-core/-/runtime-core-3.4.38.tgz"
  "version" "3.4.38"
  dependencies:
    "@vue/reactivity" "3.4.38"
    "@vue/shared" "3.4.38"

"@vue/runtime-dom@3.4.38":
  "integrity" "sha512-afZzmUreU7vKwKsV17H1NDThEEmdYI+GCAK/KY1U957Ig2NATPVjCROv61R19fjZNzMmiU03n79OMnXyJVN0UA=="
  "resolved" "https://registry.npmjs.org/@vue/runtime-dom/-/runtime-dom-3.4.38.tgz"
  "version" "3.4.38"
  dependencies:
    "@vue/reactivity" "3.4.38"
    "@vue/runtime-core" "3.4.38"
    "@vue/shared" "3.4.38"
    "csstype" "^3.1.3"

"@vue/server-renderer@3.4.38":
  "integrity" "sha512-NggOTr82FbPEkkUvBm4fTGcwUY8UuTsnWC/L2YZBmvaQ4C4Jl/Ao4HHTB+l7WnFCt5M/dN3l0XLuyjzswGYVCA=="
  "resolved" "https://registry.npmjs.org/@vue/server-renderer/-/server-renderer-3.4.38.tgz"
  "version" "3.4.38"
  dependencies:
    "@vue/compiler-ssr" "3.4.38"
    "@vue/shared" "3.4.38"

"@vue/shared@3.4.38":
  "integrity" "sha512-q0xCiLkuWWQLzVrecPb0RMsNWyxICOjPrcrwxTUEHb1fsnvni4dcuyG7RT/Ie7VPTvnjzIaWzRMUBsrqNj/hhw=="
  "resolved" "https://registry.npmjs.org/@vue/shared/-/shared-3.4.38.tgz"
  "version" "3.4.38"

"csstype@^3.1.3":
  "integrity" "sha512-M1uQkMl8rQK/szD0LNhtqxIPLpimGm8sOBwU7lLnCpSbTyY3yeU1Vc7l4KT5zT4s/yOxHH5O7tIuuLOCnLADRw=="
  "resolved" "https://registry.npmjs.org/csstype/-/csstype-3.1.3.tgz"
  "version" "3.1.3"

"debug@~4.3.1", "debug@~4.3.2":
  "integrity" "sha512-O/09Bd4Z1fBrU4VzkhFqVgpPzaGbw6Sm9FEkBT1A/YBXQFGuuSxa1dN2nxgxS34JmKXqYx8CZAwEVoJFImUXIg=="
  "resolved" "https://registry.npmjs.org/debug/-/debug-4.3.6.tgz"
  "version" "4.3.6"
  dependencies:
    "ms" "2.1.2"

"engine.io-client@~6.5.2":
  "integrity" "sha512-GeZeeRjpD2qf49cZQ0Wvh/8NJNfeXkXXcoGh+F77oEAgo9gUHwT1fCRxSNU+YEEaysOJTnsFHmM5oAcPy4ntvQ=="
  "resolved" "https://registry.npmjs.org/engine.io-client/-/engine.io-client-6.5.4.tgz"
  "version" "6.5.4"
  dependencies:
    "@socket.io/component-emitter" "~3.1.0"
    "debug" "~4.3.1"
    "engine.io-parser" "~5.2.1"
    "ws" "~8.17.1"
    "xmlhttprequest-ssl" "~2.0.0"

"engine.io-parser@~5.2.1":
  "integrity" "sha512-HqD3yTBfnBxIrbnM1DoD6Pcq8NECnh8d4As1Qgh0z5Gg3jRRIqijury0CL3ghu/edArpUYiYqQiDUQBIs4np3Q=="
  "resolved" "https://registry.npmjs.org/engine.io-parser/-/engine.io-parser-5.2.3.tgz"
  "version" "5.2.3"

"entities@^4.5.0":
  "integrity" "sha512-V0hjH4dGPh9Ao5p0MoRY6BVqtwCjhz6vI5LT8AJ55H+4g9/4vbHx1I54fS0XuclLhDHArPQCiMjDxjaL8fPxhw=="
  "resolved" "https://registry.npmjs.org/entities/-/entities-4.5.0.tgz"
  "version" "4.5.0"

"esbuild@^0.21.3":
  "integrity" "sha512-mg3OPMV4hXywwpoDxu3Qda5xCKQi+vCTZq8S9J/EpkhB2HzKXq4SNFZE3+NK93JYxc8VMSep+lOUSC/RVKaBqw=="
  "resolved" "https://registry.npmjs.org/esbuild/-/esbuild-0.21.5.tgz"
  "version" "0.21.5"
  optionalDependencies:
    "@esbuild/aix-ppc64" "0.21.5"
    "@esbuild/android-arm" "0.21.5"
    "@esbuild/android-arm64" "0.21.5"
    "@esbuild/android-x64" "0.21.5"
    "@esbuild/darwin-arm64" "0.21.5"
    "@esbuild/darwin-x64" "0.21.5"
    "@esbuild/freebsd-arm64" "0.21.5"
    "@esbuild/freebsd-x64" "0.21.5"
    "@esbuild/linux-arm" "0.21.5"
    "@esbuild/linux-arm64" "0.21.5"
    "@esbuild/linux-ia32" "0.21.5"
    "@esbuild/linux-loong64" "0.21.5"
    "@esbuild/linux-mips64el" "0.21.5"
    "@esbuild/linux-ppc64" "0.21.5"
    "@esbuild/linux-riscv64" "0.21.5"
    "@esbuild/linux-s390x" "0.21.5"
    "@esbuild/linux-x64" "0.21.5"
    "@esbuild/netbsd-x64" "0.21.5"
    "@esbuild/openbsd-x64" "0.21.5"
    "@esbuild/sunos-x64" "0.21.5"
    "@esbuild/win32-arm64" "0.21.5"
    "@esbuild/win32-ia32" "0.21.5"
    "@esbuild/win32-x64" "0.21.5"

"estree-walker@^2.0.2":
  "integrity" "sha512-Rfkk/Mp/DL7JVje3u18FxFujQlTNR2q6QfMSMB7AvCBx91NGj/ba3kCfza0f6dVDbw7YlRf/nDrn7pQrCCyQ/w=="
  "resolved" "https://registry.npmjs.org/estree-walker/-/estree-walker-2.0.2.tgz"
  "version" "2.0.2"

"magic-string@^0.30.10":
  "integrity" "sha512-+Wri9p0QHMy+545hKww7YAu5NyzF8iomPL/RQazugQ9+Ez4Ic3mERMd8ZTX5rfK944j+560ZJi8iAwgak1Ac7A=="
  "resolved" "https://registry.npmjs.org/magic-string/-/magic-string-0.30.11.tgz"
  "version" "0.30.11"
  dependencies:
    "@jridgewell/sourcemap-codec" "^1.5.0"

"ms@2.1.2":
  "integrity" "sha512-sGkPx+VjMtmA6MX27oA4FBFELFCZZ4S4XqeGOXCv68tT+jb3vk/RyaKWP0PTKyWtmLSM0b+adUTEvbs1PEaH2w=="
  "resolved" "https://registry.npmjs.org/ms/-/ms-2.1.2.tgz"
  "version" "2.1.2"

"nanoid@^3.3.7":
  "integrity" "sha512-eSRppjcPIatRIMC1U6UngP8XFcz8MQWGQdt1MTBQ7NaAmvXDfvNxbvWV3x2y6CdEUciCSsDHDQZbhYaB8QEo2g=="
  "resolved" "https://registry.npmjs.org/nanoid/-/nanoid-3.3.7.tgz"
  "version" "3.3.7"

"picocolors@^1.0.1":
  "integrity" "sha512-anP1Z8qwhkbmu7MFP5iTt+wQKXgwzf7zTyGlcdzabySa9vd0Xt392U0rVmz9poOaBj0uHJKyyo9/upk0HrEQew=="
  "resolved" "https://registry.npmjs.org/picocolors/-/picocolors-1.0.1.tgz"
  "version" "1.0.1"

"postcss@^8.4.40", "postcss@^8.4.41":
  "integrity" "sha512-TesUflQ0WKZqAvg52PWL6kHgLKP6xB6heTOdoYM0Wt2UHyxNa4K25EZZMgKns3BH1RLVbZCREPpLY0rhnNoHVQ=="
  "resolved" "https://registry.npmjs.org/postcss/-/postcss-8.4.41.tgz"
  "version" "8.4.41"
  dependencies:
    "nanoid" "^3.3.7"
    "picocolors" "^1.0.1"
    "source-map-js" "^1.2.0"

"primeflex@^3.3.1":
  "integrity" "sha512-zaOq3YvcOYytbAmKv3zYc+0VNS9Wg5d37dfxZnveKBFPr7vEIwfV5ydrpiouTft8MVW6qNjfkaQphHSnvgQbpQ=="
  "resolved" "https://registry.npmjs.org/primeflex/-/primeflex-3.3.1.tgz"
  "version" "3.3.1"

"primeicons@^7.0.0":
  "integrity" "sha512-jK3Et9UzwzTsd6tzl2RmwrVY/b8raJ3QZLzoDACj+oTJ0oX7L9Hy+XnVwgo4QVKlKpnP/Ur13SXV/pVh4LzaDw=="
  "resolved" "https://registry.npmjs.org/primeicons/-/primeicons-7.0.0.tgz"
  "version" "7.0.0"

"primevue@^4.0.4":
  "integrity" "sha512-1moEddbczJ1+yEyfeYQk3xOQB64iCjjM//f+HSXs6YrKVVC0QjPFx9XPNXrr2JjHlp+6D7EpPZtsmcrfA9jWkA=="
  "resolved" "https://registry.npmjs.org/primevue/-/primevue-4.0.4.tgz"
  "version" "4.0.4"
  dependencies:
    "@primeuix/styled" "^0.0.5"
    "@primeuix/utils" "^0.0.5"
    "@primevue/core" "4.0.4"
    "@primevue/icons" "4.0.4"

"rollup@^4.13.0":
  "integrity" "sha512-6rbWBChcnSGzIlXeIdNIZTopKYad8ZG8ajhl78lGRLsI2rX8IkaotQhVas2Ma+GPxJav19wrSzvRvuiv0YKzWw=="
  "resolved" "https://registry.npmjs.org/rollup/-/rollup-4.20.0.tgz"
  "version" "4.20.0"
  dependencies:
    "@types/estree" "1.0.5"
  optionalDependencies:
    "@rollup/rollup-android-arm-eabi" "4.20.0"
    "@rollup/rollup-android-arm64" "4.20.0"
    "@rollup/rollup-darwin-arm64" "4.20.0"
    "@rollup/rollup-darwin-x64" "4.20.0"
    "@rollup/rollup-linux-arm-gnueabihf" "4.20.0"
    "@rollup/rollup-linux-arm-musleabihf" "4.20.0"
    "@rollup/rollup-linux-arm64-gnu" "4.20.0"
    "@rollup/rollup-linux-arm64-musl" "4.20.0"
    "@rollup/rollup-linux-powerpc64le-gnu" "4.20.0"
    "@rollup/rollup-linux-riscv64-gnu" "4.20.0"
    "@rollup/rollup-linux-s390x-gnu" "4.20.0"
    "@rollup/rollup-linux-x64-gnu" "4.20.0"
    "@rollup/rollup-linux-x64-musl" "4.20.0"
    "@rollup/rollup-win32-arm64-msvc" "4.20.0"
    "@rollup/rollup-win32-ia32-msvc" "4.20.0"
    "@rollup/rollup-win32-x64-msvc" "4.20.0"
    "fsevents" "~2.3.2"

"socket.io-client@^4.5.1":
  "integrity" "sha512-sJ/tqHOCe7Z50JCBCXrsY3I2k03iOiUe+tj1OmKeD2lXPiGH/RUCdTZFoqVyN7l1MnpIzPrGtLcijffmeouNlQ=="
  "resolved" "https://registry.npmjs.org/socket.io-client/-/socket.io-client-4.7.5.tgz"
  "version" "4.7.5"
  dependencies:
    "@socket.io/component-emitter" "~3.1.0"
    "debug" "~4.3.2"
    "engine.io-client" "~6.5.2"
    "socket.io-parser" "~4.2.4"

"socket.io-parser@~4.2.4":
  "integrity" "sha512-/GbIKmo8ioc+NIWIhwdecY0ge+qVBSMdgxGygevmdHj24bsfgtCmcUUcQ5ZzcylGFHsN3k4HB4Cgkl96KVnuew=="
  "resolved" "https://registry.npmjs.org/socket.io-parser/-/socket.io-parser-4.2.4.tgz"
  "version" "4.2.4"
  dependencies:
    "@socket.io/component-emitter" "~3.1.0"
    "debug" "~4.3.1"

"source-map-js@^1.2.0":
  "integrity" "sha512-itJW8lvSA0TXEphiRoawsCksnlf8SyvmFzIhltqAHluXd88pkCd+cXJVHTDwdCr0IzwptSm035IHQktUu1QUMg=="
  "resolved" "https://registry.npmjs.org/source-map-js/-/source-map-js-1.2.0.tgz"
  "version" "1.2.0"

"to-fast-properties@^2.0.0":
  "integrity" "sha512-/OaKK0xYrs3DmxRYqL/yDc+FxFUVYhDlXMhRmv3z915w2HF1tnN1omB354j8VUGO/hbRzyD6Y3sA7v7GS/ceog=="
  "resolved" "https://registry.npmjs.org/to-fast-properties/-/to-fast-properties-2.0.0.tgz"
  "version" "2.0.0"

"vite@^5.0.0", "vite@^5.4.1":
  "integrity" "sha512-1oE6yuNXssjrZdblI9AfBbHCC41nnyoVoEZxQnID6yvQZAFBzxxkqoFLtHUMkYunL8hwOLEjgTuxpkRxvba3kA=="
  "resolved" "https://registry.npmjs.org/vite/-/vite-5.4.1.tgz"
  "version" "5.4.1"
  dependencies:
    "esbuild" "^0.21.3"
    "postcss" "^8.4.41"
    "rollup" "^4.13.0"
  optionalDependencies:
    "fsevents" "~2.3.3"

"vue-router@^4":
  "integrity" "sha512-sv6wmNKx2j3aqJQDMxLFzs/u/mjA9Z5LCgy6BE0f7yFWMjrPLnS/sPNn8ARY/FXw6byV18EFutn5lTO6+UsV5A=="
  "resolved" "https://registry.npmjs.org/vue-router/-/vue-router-4.4.3.tgz"
  "version" "4.4.3"
  dependencies:
    "@vue/devtools-api" "^6.6.3"

"vue@^3.0.0", "vue@^3.2.0", "vue@^3.2.25", "vue@^3.4.37", "vue@3.4.38":
  "integrity" "sha512-f0ZgN+mZ5KFgVv9wz0f4OgVKukoXtS3nwET4c2vLBGQR50aI8G0cqbFtLlX9Yiyg3LFGBitruPHt2PxwTduJEw=="
  "resolved" "https://registry.npmjs.org/vue/-/vue-3.4.38.tgz"
  "version" "3.4.38"
  dependencies:
    "@vue/compiler-dom" "3.4.38"
    "@vue/compiler-sfc" "3.4.38"
    "@vue/runtime-dom" "3.4.38"
    "@vue/server-renderer" "3.4.38"
    "@vue/shared" "3.4.38"

"ws@~8.17.1":
  "integrity" "sha512-6XQFvXTkbfUOZOKKILFG1PDK2NDQs4azKQl26T0YS5CxqWLgXajbPZ+h4gZekJyRqFU8pvnbAbbs/3TgRPy+GQ=="
  "resolved" "https://registry.npmjs.org/ws/-/ws-8.17.1.tgz"
  "version" "8.17.1"

"xmlhttprequest-ssl@~2.0.0":
  "integrity" "sha512-QKxVRxiRACQcVuQEYFsI1hhkrMlrXHPegbbd1yn9UHOmRxY+si12nQYzri3vbzt8VdTTRviqcKxcyllFas5z2A=="
  "resolved" "https://registry.npmjs.org/xmlhttprequest-ssl/-/xmlhttprequest-ssl-2.0.0.tgz"
  "version" "2.0.0"
