# THIS IS AN AUTOGENERATED FILE. DO NOT EDIT THIS FILE DIRECTLY.
# yarn lockfile v1


"@yeger/debounce@2.0.8":
  version "2.0.8"
  resolved "https://registry.yarnpkg.com/@yeger/debounce/-/debounce-2.0.8.tgz#6a3853bc7b23b5be718a0ecbe9ac299b355841d8"
  integrity sha512-wuT6PB0MFhZy6BePkMDcUV5PItyxPd6IvfT2nqA4Z1frSvxaaDkxPPTU0vJmctx986gvp75VlzlL9sQSDltBNg==

"@yeger/vue-lib-adapter@2.0.8":
  version "2.0.8"
  resolved "https://registry.yarnpkg.com/@yeger/vue-lib-adapter/-/vue-lib-adapter-2.0.8.tgz#383ccca47e641a09e0f4f886c56b5499b9ea261d"
  integrity sha512-ryJBUaJ4BX/IARUDG8jvZXBnNb8cJSVjQeW7aw1rcQWrN6Wxfq9iH9ZqO8GhF7jVQpw1VHIeGcrZPAz/n+U/aw==

"@yeger/vue-masonry-wall-core@5.0.9":
  version "5.0.9"
  resolved "https://registry.yarnpkg.com/@yeger/vue-masonry-wall-core/-/vue-masonry-wall-core-5.0.9.tgz#d0c1a07412b17175b28e927791f736f76082421c"
  integrity sha512-YvcpWe0DEQT/VuRkCi2QJgERqV/OKgnkKyR1UtM565g3MRC09c/pMjqRL7XWIuwTlhxMW88N/7+i8OnUDbuJGg==
  dependencies:
    "@yeger/debounce" "2.0.8"
    "@yeger/vue-lib-adapter" "2.0.8"

"@yeger/vue-masonry-wall@^5.0.10":
  version "5.0.10"
  resolved "https://registry.yarnpkg.com/@yeger/vue-masonry-wall/-/vue-masonry-wall-5.0.10.tgz#aafe75a22e13659ca6badd55c872cb98985c7576"
  integrity sha512-a+wBnP5s97xNWJxazzBVjNCpi+P6En1lkY/ig6rTILIn8/h2X42qi7EbZYKjUUccRzJd06LaJ00SlTeNl9UsOQ==
  dependencies:
    "@yeger/vue-masonry-wall-core" "5.0.9"

sortablejs@1.15.0:
  version "1.15.0"
  resolved "https://registry.yarnpkg.com/sortablejs/-/sortablejs-1.15.0.tgz#53230b8aa3502bb77a29e2005808ffdb4a5f7e2a"
  integrity sha512-bv9qgVMjUMf89wAvM6AxVvS/4MX3sPeN0+agqShejLU5z5GX4C75ow1O2e5k4L6XItUyAK3gH6AxSbXrOM5e8w==

vue3-sortablejs@^1.0.7:
  version "1.0.7"
  resolved "https://registry.yarnpkg.com/vue3-sortablejs/-/vue3-sortablejs-1.0.7.tgz#bcdf86de660604ac30b0b1aa5f754133de3e8a7c"
  integrity sha512-Mk67J+TxM1+/clI++inBXE4SpZHMOfXjgrOPcth6cRg8b4/GtrjhYEJsDxXnwzJchXFl9sJbPOJSiyVlEaz+2Q==
  dependencies:
    sortablejs "1.15.0"
